
Microsoft Visual Studio Solution File, Format Version 12.00
# Visual Studio Version 17
VisualStudioVersion = 17.5.33424.131
MinimumVisualStudioVersion = 10.0.40219.1
Project("{9A19103F-16F7-4668-BE54-9A1E7A4F7556}") = "NeoLemmixSharp", "NeoLemmixSharp\NeoLemmixSharp.csproj", "{B4EB701D-12AE-490A-B01C-58EE79EED155}"
	ProjectSection(ProjectDependencies) = postProject
		{03E3F3E6-45D4-4868-BEED-AB1C0DA607D4} = {03E3F3E6-45D4-4868-BEED-AB1C0DA607D4}
		{445AB910-850F-4B7B-81A2-07D7AB64FC83} = {445AB910-850F-4B7B-81A2-07D7AB64FC83}
		{71450571-E95A-4A5F-A7B8-E8505B419838} = {71450571-E95A-4A5F-A7B8-E8505B419838}
	EndProjectSection
EndProject
Project("{9A19103F-16F7-4668-BE54-9A1E7A4F7556}") = "NeoLemmixSharp.Common", "NeoLemmixSharp.Common\NeoLemmixSharp.Common.csproj", "{A2E72BB7-DB16-49D9-B310-7942B89EF30C}"
EndProject
Project("{9A19103F-16F7-4668-BE54-9A1E7A4F7556}") = "NeoLemmixSharp.Engine", "NeoLemmixSharp.Engine\NeoLemmixSharp.Engine.csproj", "{9974DE21-0F6D-419B-B969-29351AF5560B}"
EndProject
Project("{9A19103F-16F7-4668-BE54-9A1E7A4F7556}") = "NeoLemmixSharp.Menu", "NeoLemmixSharp.Menu\NeoLemmixSharp.Menu.csproj", "{71450571-E95A-4A5F-A7B8-E8505B419838}"
	ProjectSection(ProjectDependencies) = postProject
		{03E3F3E6-45D4-4868-BEED-AB1C0DA607D4} = {03E3F3E6-45D4-4868-BEED-AB1C0DA607D4}
		{445AB910-850F-4B7B-81A2-07D7AB64FC83} = {445AB910-850F-4B7B-81A2-07D7AB64FC83}
	EndProjectSection
EndProject
Project("{9A19103F-16F7-4668-BE54-9A1E7A4F7556}") = "MGUI.Core", "MGUI-master\MGUI.Core\MGUI.Core.csproj", "{445AB910-850F-4B7B-81A2-07D7AB64FC83}"
EndProject
Project("{9A19103F-16F7-4668-BE54-9A1E7A4F7556}") = "MGUI.Shared", "MGUI-master\MGUI.Shared\MGUI.Shared.csproj", "{03E3F3E6-45D4-4868-BEED-AB1C0DA607D4}"
EndProject
Global
	GlobalSection(SolutionConfigurationPlatforms) = preSolution
		Debug|Any CPU = Debug|Any CPU
		Release|Any CPU = Release|Any CPU
	EndGlobalSection
	GlobalSection(ProjectConfigurationPlatforms) = postSolution
		{B4EB701D-12AE-490A-B01C-58EE79EED155}.Debug|Any CPU.ActiveCfg = Debug|Any CPU
		{B4EB701D-12AE-490A-B01C-58EE79EED155}.Debug|Any CPU.Build.0 = Debug|Any CPU
		{B4EB701D-12AE-490A-B01C-58EE79EED155}.Release|Any CPU.ActiveCfg = Release|Any CPU
		{B4EB701D-12AE-490A-B01C-58EE79EED155}.Release|Any CPU.Build.0 = Release|Any CPU
		{A2E72BB7-DB16-49D9-B310-7942B89EF30C}.Debug|Any CPU.ActiveCfg = Debug|Any CPU
		{A2E72BB7-DB16-49D9-B310-7942B89EF30C}.Debug|Any CPU.Build.0 = Debug|Any CPU
		{A2E72BB7-DB16-49D9-B310-7942B89EF30C}.Release|Any CPU.ActiveCfg = Release|Any CPU
		{A2E72BB7-DB16-49D9-B310-7942B89EF30C}.Release|Any CPU.Build.0 = Release|Any CPU
		{9974DE21-0F6D-419B-B969-29351AF5560B}.Debug|Any CPU.ActiveCfg = Debug|Any CPU
		{9974DE21-0F6D-419B-B969-29351AF5560B}.Debug|Any CPU.Build.0 = Debug|Any CPU
		{9974DE21-0F6D-419B-B969-29351AF5560B}.Release|Any CPU.ActiveCfg = Release|Any CPU
		{9974DE21-0F6D-419B-B969-29351AF5560B}.Release|Any CPU.Build.0 = Release|Any CPU
		{71450571-E95A-4A5F-A7B8-E8505B419838}.Debug|Any CPU.ActiveCfg = Debug|Any CPU
		{71450571-E95A-4A5F-A7B8-E8505B419838}.Debug|Any CPU.Build.0 = Debug|Any CPU
		{71450571-E95A-4A5F-A7B8-E8505B419838}.Release|Any CPU.ActiveCfg = Release|Any CPU
		{71450571-E95A-4A5F-A7B8-E8505B419838}.Release|Any CPU.Build.0 = Release|Any CPU
		{445AB910-850F-4B7B-81A2-07D7AB64FC83}.Debug|Any CPU.ActiveCfg = Debug|Any CPU
		{445AB910-850F-4B7B-81A2-07D7AB64FC83}.Debug|Any CPU.Build.0 = Debug|Any CPU
		{445AB910-850F-4B7B-81A2-07D7AB64FC83}.Release|Any CPU.ActiveCfg = Release|Any CPU
		{445AB910-850F-4B7B-81A2-07D7AB64FC83}.Release|Any CPU.Build.0 = Release|Any CPU
		{03E3F3E6-45D4-4868-BEED-AB1C0DA607D4}.Debug|Any CPU.ActiveCfg = Debug|Any CPU
		{03E3F3E6-45D4-4868-BEED-AB1C0DA607D4}.Debug|Any CPU.Build.0 = Debug|Any CPU
		{03E3F3E6-45D4-4868-BEED-AB1C0DA607D4}.Release|Any CPU.ActiveCfg = Release|Any CPU
		{03E3F3E6-45D4-4868-BEED-AB1C0DA607D4}.Release|Any CPU.Build.0 = Release|Any CPU
	EndGlobalSection
	GlobalSection(SolutionProperties) = preSolution
		HideSolutionNode = FALSE
	EndGlobalSection
	GlobalSection(ExtensibilityGlobals) = postSolution
		SolutionGuid = {5819336E-A4BC-47B7-AABF-83367DF48FEF}
	EndGlobalSection
EndGlobal
