
Microsoft Visual Studio Solution File, Format Version 12.00
# Visual Studio Version 17
VisualStudioVersion = 17.5.33424.131
MinimumVisualStudioVersion = 10.0.40219.1
Project("{FAE04EC0-301F-11D3-BF4B-00C04F79EFBC}") = "NeoLemmixSharp", "NeoLemmixSharp\NeoLemmixSharp.csproj", "{B4EB701D-12AE-490A-B01C-58EE79EED155}"
EndProject
Global
	GlobalSection(SolutionConfigurationPlatforms) = preSolution
		Debug|Any CPU = Debug|Any CPU
		Release|Any CPU = Release|Any CPU
	EndGlobalSection
	GlobalSection(ProjectConfigurationPlatforms) = postSolution
		{B4EB701D-12AE-490A-B01C-58EE79EED155}.Debug|Any CPU.ActiveCfg = Debug|Any CPU
		{B4EB701D-12AE-490A-B01C-58EE79EED155}.Debug|Any CPU.Build.0 = Debug|Any CPU
		{B4EB701D-12AE-490A-B01C-58EE79EED155}.Release|Any CPU.ActiveCfg = Release|Any CPU
		{B4EB701D-12AE-490A-B01C-58EE79EED155}.Release|Any CPU.Build.0 = Release|Any CPU
	EndGlobalSection
	GlobalSection(SolutionProperties) = preSolution
		HideSolutionNode = FALSE
	EndGlobalSection
	GlobalSection(ExtensibilityGlobals) = postSolution
		SolutionGuid = {5819336E-A4BC-47B7-AABF-83367DF48FEF}
	EndGlobalSection
EndGlobal
